{
  "version": 2,
  "timestamp": "2026-08-29T20:03:52.474Z",
  "designMdHash": "sha256:a8466e9558e31dbc084d447cc1a3218572ccb0484d775491277d6cc94c82f0d7",
  "sectionHashes": {
    "colors": "sha256:4d71e239ec15093439d85fac6ed798b0fd601b8d09815e1650a13b2a43ee7564",
    "typography": "sha256:5a577a13a70776fd949abcb570d7fcd99bb528149cad86d97bcfb6931976938e",
    "shadows": "sha256:21a9076045699367fbf6a31e035d9d8fd428213d3587e625c1afcce667f1e097",
    "components": "sha256:6fc86b44762cbf64c4ffbec1d24f7d9061c0b797cd544d4ea18c68f9bbd7f169"
  },
  "files": {
    "frontend/src/app/tokens.css": "sha256:f49748d47b0ce89726d1287461d561715884318f84a50d54c91cb9ab049a767e",
    "mobile/androidApp/src/main/java/ru/skatelab/capture/presentation/theme/SkateLabColors.kt": "sha256:85b07ae202e054c60829312a1bb74ca6c97bc02b2eb8e24e606e94a12fae20ed",
    "mobile/androidApp/src/main/java/ru/skatelab/capture/presentation/theme/Type.kt": "sha256:83ca32cb8e6347b288d3664d929b113b55cdbe512a73ca0732c62cf288f789de",
    "mobile/androidApp/src/main/java/ru/skatelab/capture/presentation/theme/Theme.kt": "sha256:532c8cd1fe4625923833d1a7546ed5e86fccea61394d4b2369b381ac9eee0c24",
    "mobile/androidApp/src/main/java/ru/skatelab/capture/presentation/theme/SkateLabShadows.kt": "sha256:85b87a7562c061456c8c913b9e5202ee366e2a1246b06daeb9cd2b7f5f1a12d6",
    "mobile/androidApp/src/main/java/ru/skatelab/capture/presentation/theme/SkateLabModifiers.kt": "sha256:e8d5236fc6167c700a6411424f04ea3cb28fc8b17310d70c303a14e59fb0f3fb",
    "mobile/iosApp/SkateLab/Theme/SkateLabColors.swift": "sha256:2cfbbc5cf43bda2b4c4fab12e37cd978e80dc9fd9ce53c698a869ecd28ba31fa",
    "mobile/iosApp/SkateLab/Theme/SkateLabTypography.swift": "sha256:1c51e5a1b5e9eadb21cc22d228a34109fcfce6ab7e233565c5ffdf6a70018fe9",
    "mobile/iosApp/SkateLab/Theme/SkateLabTheme.swift": "sha256:8e5c17b90436b6b05d14ae611243282d957c03a7075d513e07d5cda8e4ca374b",
    "mobile/iosApp/SkateLab/Theme/SkateLabShadows.swift": "sha256:b40089cc1ab6e6719ec04a9e5b62233f91169e23bf6baea2e32517a638800bd3",
    "mobile/iosApp/SkateLab/Theme/SkateLabModifiers.swift": "sha256:c0a50eacf7664d457d296585837d0540fe988c85679487a42950428f130dd894"
  },
  "platformHashes": {
    "css": {
      "frontend/src/app/tokens.css": "sha256:f49748d47b0ce89726d1287461d561715884318f84a50d54c91cb9ab049a767e"
    },
    "kotlin": {
      "mobile/androidApp/src/main/java/ru/skatelab/capture/presentation/theme/SkateLabColors.kt": "sha256:85b07ae202e054c60829312a1bb74ca6c97bc02b2eb8e24e606e94a12fae20ed",
      "mobile/androidApp/src/main/java/ru/skatelab/capture/presentation/theme/Type.kt": "sha256:83ca32cb8e6347b288d3664d929b113b55cdbe512a73ca0732c62cf288f789de",
      "mobile/androidApp/src/main/java/ru/skatelab/capture/presentation/theme/Theme.kt": "sha256:532c8cd1fe4625923833d1a7546ed5e86fccea61394d4b2369b381ac9eee0c24",
      "mobile/androidApp/src/main/java/ru/skatelab/capture/presentation/theme/SkateLabShadows.kt": "sha256:85b87a7562c061456c8c913b9e5202ee366e2a1246b06daeb9cd2b7f5f1a12d6",
      "mobile/androidApp/src/main/java/ru/skatelab/capture/presentation/theme/SkateLabModifiers.kt": "sha256:e8d5236fc6167c700a6411424f04ea3cb28fc8b17310d70c303a14e59fb0f3fb"
    },
    "swift": {
      "mobile/iosApp/SkateLab/Theme/SkateLabColors.swift": "sha256:2cfbbc5cf43bda2b4c4fab12e37cd978e80dc9fd9ce53c698a869ecd28ba31fa",
      "mobile/iosApp/SkateLab/Theme/SkateLabTypography.swift": "sha256:1c51e5a1b5e9eadb21cc22d228a34109fcfce6ab7e233565c5ffdf6a70018fe9",
      "mobile/iosApp/SkateLab/Theme/SkateLabTheme.swift": "sha256:8e5c17b90436b6b05d14ae611243282d957c03a7075d513e07d5cda8e4ca374b",
      "mobile/iosApp/SkateLab/Theme/SkateLabShadows.swift": "sha256:b40089cc1ab6e6719ec04a9e5b62233f91169e23bf6baea2e32517a638800bd3",
      "mobile/iosApp/SkateLab/Theme/SkateLabModifiers.swift": "sha256:c0a50eacf7664d457d296585837d0540fe988c85679487a42950428f130dd894"
    }
  }
}
